lockVersion: 2.0.0
id: 7ee747f7-2488-444f-b4ce-ed4b61dcccf3
management:
  docChecksum: 03e3387365ae18c7ce07d32543a62956
  docVersion: 1.0.0
  speakeasyVersion: 1.591.0
  generationVersion: 2.666.0
  releaseVersion: 0.1.0
  configChecksum: ad20f9b2a81050e4bf450f8c7bd09f29
  repoURL: https://github.com/rehanalam/authlete-python.git
  installationURL: https://github.com/rehanalam/authlete-python.git
features:
  python:
    additionalDependencies: 1.0.0
    constsAndDefaults: 1.0.5
    core: 5.19.4
    defaultEnabledRetries: 0.2.0
    devContainers: 3.0.0
    enumUnions: 0.1.0
    envVarSecurityUsage: 0.3.2
    flatRequests: 1.0.1
    flattening: 3.1.1
    globalSecurity: 3.0.3
    globalSecurityCallbacks: 1.0.0
    globalSecurityFlattening: 1.0.0
    globalServerURLs: 3.1.1
    methodArguments: 1.0.2
    responseFormat: 1.0.1
    retries: 3.0.2
    sdkHooks: 1.1.0
    uploadStreams: 1.0.0
generatedFiles:
  - .devcontainer/README.md
  - .devcontainer/devcontainer.json
  - .devcontainer/setup.sh
  - .gitattributes
  - .vscode/settings.json
  - USAGE.md
  - docs/errors/apierrorinvalidinput.md
  - docs/errors/apierrornotfound.md
  - docs/errors/apierrorunauthorized.md
  - docs/models/apiresponse.md
  - docs/models/category.md
  - docs/models/deleteorderrequest.md
  - docs/models/deletepetrequest.md
  - docs/models/deleteuserrequest.md
  - docs/models/findpetsbystatusrequest.md
  - docs/models/findpetsbystatusstatus.md
  - docs/models/findpetsbytagsrequest.md
  - docs/models/getorderbyidrequest.md
  - docs/models/getpetbyidrequest.md
  - docs/models/getuserbynamerequest.md
  - docs/models/loginuserrequest.md
  - docs/models/loginuserresponse.md
  - docs/models/order.md
  - docs/models/orderstatus.md
  - docs/models/pet.md
  - docs/models/petstatus.md
  - docs/models/security.md
  - docs/models/tag.md
  - docs/models/updateuserrequest.md
  - docs/models/uploadfilerequest.md
  - docs/models/user.md
  - docs/models/utils/retryconfig.md
  - docs/sdks/authlete/README.md
  - docs/sdks/petsdk/README.md
  - docs/sdks/store/README.md
  - docs/sdks/usersdk/README.md
  - poetry.toml
  - py.typed
  - pylintrc
  - pyproject.toml
  - scripts/prepare_readme.py
  - scripts/publish.sh
  - src/authlete/__init__.py
  - src/authlete/_hooks/__init__.py
  - src/authlete/_hooks/sdkhooks.py
  - src/authlete/_hooks/types.py
  - src/authlete/_version.py
  - src/authlete/basesdk.py
  - src/authlete/errors/__init__.py
  - src/authlete/errors/apierror.py
  - src/authlete/errors/apierrorinvalidinput.py
  - src/authlete/errors/apierrornotfound.py
  - src/authlete/errors/apierrorunauthorized.py
  - src/authlete/errors/authleteerror.py
  - src/authlete/errors/no_response_error.py
  - src/authlete/errors/responsevalidationerror.py
  - src/authlete/httpclient.py
  - src/authlete/models/__init__.py
  - src/authlete/models/apiresponse.py
  - src/authlete/models/category.py
  - src/authlete/models/deleteorderop.py
  - src/authlete/models/deletepetop.py
  - src/authlete/models/deleteuserop.py
  - src/authlete/models/findpetsbystatusop.py
  - src/authlete/models/findpetsbytagsop.py
  - src/authlete/models/getorderbyidop.py
  - src/authlete/models/getpetbyidop.py
  - src/authlete/models/getuserbynameop.py
  - src/authlete/models/loginuserop.py
  - src/authlete/models/order.py
  - src/authlete/models/pet.py
  - src/authlete/models/security.py
  - src/authlete/models/tag.py
  - src/authlete/models/updateuserop.py
  - src/authlete/models/uploadfileop.py
  - src/authlete/models/user.py
  - src/authlete/pet_sdk.py
  - src/authlete/py.typed
  - src/authlete/sdk.py
  - src/authlete/sdkconfiguration.py
  - src/authlete/store.py
  - src/authlete/types/__init__.py
  - src/authlete/types/basemodel.py
  - src/authlete/user_sdk.py
  - src/authlete/utils/__init__.py
  - src/authlete/utils/annotations.py
  - src/authlete/utils/datetimes.py
  - src/authlete/utils/enums.py
  - src/authlete/utils/eventstreaming.py
  - src/authlete/utils/forms.py
  - src/authlete/utils/headers.py
  - src/authlete/utils/logger.py
  - src/authlete/utils/metadata.py
  - src/authlete/utils/queryparams.py
  - src/authlete/utils/requestbodies.py
  - src/authlete/utils/retries.py
  - src/authlete/utils/security.py
  - src/authlete/utils/serializers.py
  - src/authlete/utils/unmarshal_json_response.py
  - src/authlete/utils/url.py
  - src/authlete/utils/values.py
examples:
  updatePet:
    speakeasy-default-update-pet:
      requestBody:
        application/json: {"id": 10, "name": "doggie", "category": {"id": 1, "name": "Dogs"}, "photoUrls": ["<value 1>"]}
      responses:
        "200":
          application/json: {"id": 10, "name": "doggie", "category": {"id": 1, "name": "Dogs"}, "photoUrls": []}
        "400":
          application/json: {"status": 400, "error": "Bad request"}
        "401":
          application/json: {"status": 401, "error": "Unauthorized"}
        "404":
          application/json: {"status": 404, "error": "Not Found", "code": "object_not_found"}
  addPet:
    speakeasy-default-add-pet:
      requestBody:
        application/json: {"id": 10, "name": "doggie", "category": {"id": 1, "name": "Dogs"}, "photoUrls": ["<value 1>", "<value 2>", "<value 3>"]}
      responses:
        "200":
          application/json: {"id": 10, "name": "doggie", "category": {"id": 1, "name": "Dogs"}, "photoUrls": ["<value 1>"]}
  findPetsByStatus:
    speakeasy-default-find-pets-by-status:
      parameters:
        query:
          status: "available"
      responses:
        "200":
          application/json: [{"id": 10, "name": "doggie", "category": {"id": 1, "name": "Dogs"}, "photoUrls": ["<value 1>", "<value 2>"]}]
        "400":
          application/json: {"status": 400, "error": "Bad request"}
        "401":
          application/json: {"status": 401, "error": "Unauthorized"}
        "404":
          application/json: {"status": 404, "error": "Not Found", "code": "object_not_found"}
  findPetsByTags:
    speakeasy-default-find-pets-by-tags:
      responses:
        "200":
          application/json: [{"id": 10, "name": "doggie", "category": {"id": 1, "name": "Dogs"}, "photoUrls": []}]
        "400":
          application/json: {"status": 400, "error": "Bad request"}
        "401":
          application/json: {"status": 401, "error": "Unauthorized"}
        "404":
          application/json: {"status": 404, "error": "Not Found", "code": "object_not_found"}
  getPetById:
    speakeasy-default-get-pet-by-id:
      parameters:
        path:
          petId: 311674
      responses:
        "200":
          application/json: {"id": 10, "name": "doggie", "category": {"id": 1, "name": "Dogs"}, "photoUrls": ["<value 1>"]}
        "400":
          application/json: {"status": 400, "error": "Bad request"}
        "401":
          application/json: {"status": 401, "error": "Unauthorized"}
        "404":
          application/json: {"status": 404, "error": "Not Found", "code": "object_not_found"}
  deletePet:
    speakeasy-default-delete-pet:
      parameters:
        path:
          petId: 818965
      responses:
        "200":
          application/json: {"id": 10, "name": "doggie", "category": {"id": 1, "name": "Dogs"}, "photoUrls": []}
        "400":
          application/json: {"status": 400, "error": "Bad request"}
        "401":
          application/json: {"status": 401, "error": "Unauthorized"}
        "404":
          application/json: {"status": 404, "error": "Not Found", "code": "object_not_found"}
  uploadFile:
    speakeasy-default-upload-file:
      parameters:
        path:
          petId: 150516
      responses:
        "200":
          application/json: {}
  getInventory:
    speakeasy-default-get-inventory:
      responses:
        "200":
          application/json: {"key": 111959, "key1": 333452, "key2": 973245}
        "401":
          application/json: {"status": 401, "error": "Unauthorized"}
        "404":
          application/json: {"status": 404, "error": "Not Found", "code": "object_not_found"}
  placeOrder:
    speakeasy-default-place-order:
      requestBody:
        application/json: {"id": 10, "petId": 198772, "quantity": 7, "status": "approved"}
      responses:
        "200":
          application/json: {"id": 10, "petId": 198772, "quantity": 7, "status": "approved"}
        "401":
          application/json: {"status": 401, "error": "Unauthorized"}
        "404":
          application/json: {"status": 404, "error": "Not Found", "code": "object_not_found"}
  getOrderById:
    speakeasy-default-get-order-by-id:
      parameters:
        path:
          orderId: 728529
      responses:
        "200":
          application/json: {"id": 10, "petId": 198772, "quantity": 7, "status": "approved"}
        "400":
          application/json: {"status": 400, "error": "Bad request"}
        "401":
          application/json: {"status": 401, "error": "Unauthorized"}
        "404":
          application/json: {"status": 404, "error": "Not Found", "code": "object_not_found"}
  deleteOrder:
    speakeasy-default-delete-order:
      parameters:
        path:
          orderId: 690575
      responses:
        "200":
          application/json: {"id": 10, "petId": 198772, "quantity": 7, "status": "approved"}
        "400":
          application/json: {"status": 400, "error": "Bad request"}
        "401":
          application/json: {"status": 401, "error": "Unauthorized"}
        "404":
          application/json: {"status": 404, "error": "Not Found", "code": "object_not_found"}
  createUser:
    speakeasy-default-create-user:
      requestBody:
        application/json: {"id": 10, "username": "theUser", "firstName": "John", "lastName": "James", "email": "john@email.com", "password": "12345", "phone": "12345", "userStatus": 1}
      responses:
        "200":
          application/json: {"id": 10, "username": "theUser", "firstName": "John", "lastName": "James", "email": "john@email.com", "password": "12345", "phone": "12345", "userStatus": 1}
  createUsersWithListInput:
    speakeasy-default-create-users-with-list-input:
      requestBody:
        application/json: [{"id": 10, "username": "theUser", "firstName": "John", "lastName": "James", "email": "john@email.com", "password": "12345", "phone": "12345", "userStatus": 1}]
      responses:
        "200":
          application/json: {"id": 10, "username": "theUser", "firstName": "John", "lastName": "James", "email": "john@email.com", "password": "12345", "phone": "12345", "userStatus": 1}
  loginUser:
    speakeasy-default-login-user:
      responses:
        "200":
          application/json: "<value>"
        "400":
          application/json: {"status": 400, "error": "Bad request"}
        "401":
          application/json: {"status": 401, "error": "Unauthorized"}
        "404":
          application/json: {"status": 404, "error": "Not Found", "code": "object_not_found"}
  logoutUser: {}
  getUserByName:
    speakeasy-default-get-user-by-name:
      parameters:
        path:
          username: "Edyth10"
      responses:
        "200":
          application/json: {"id": 10, "username": "theUser", "firstName": "John", "lastName": "James", "email": "john@email.com", "password": "12345", "phone": "12345", "userStatus": 1}
        "400":
          application/json: {"status": 400, "error": "Bad request"}
        "401":
          application/json: {"status": 401, "error": "Unauthorized"}
        "404":
          application/json: {"status": 404, "error": "Not Found", "code": "object_not_found"}
  updateUser:
    speakeasy-default-update-user:
      parameters:
        path:
          username: "<value>"
      requestBody:
        application/json: {"id": 10, "username": "theUser", "firstName": "John", "lastName": "James", "email": "john@email.com", "password": "12345", "phone": "12345", "userStatus": 1}
  deleteUser:
    speakeasy-default-delete-user:
      parameters:
        path:
          username: "Rita_Schuppe"
      responses:
        "200":
          application/json: {"id": 10, "username": "theUser", "firstName": "John", "lastName": "James", "email": "john@email.com", "password": "12345", "phone": "12345", "userStatus": 1}
        "400":
          application/json: {"status": 400, "error": "Bad request"}
        "401":
          application/json: {"status": 401, "error": "Unauthorized"}
        "404":
          application/json: {"status": 404, "error": "Not Found", "code": "object_not_found"}
examplesVersion: 1.0.2
generatedTests: {}
