speakeasyVersion: 1.591.0
sources:
    Authlete API Explorer:
        sourceNamespace: authlete-api-explorer
        sourceRevisionDigest: sha256:f499ae97abecf392e80c91b7f081c63a79995578761d9c7fdd0ad36605cac691
        sourceBlobDigest: sha256:bf9706813ef90e55bfb06f0c0d845f608f8315228e41f359044850b243a60156
        tags:
            - latest
            - speakeasy-sdk-regen-1753702815
            - 1.0.0
targets:
    authlete:
        source: Authlete API Explorer
        sourceNamespace: authlete-api-explorer
        sourceRevisionDigest: sha256:f499ae97abecf392e80c91b7f081c63a79995578761d9c7fdd0ad36605cac691
        sourceBlobDigest: sha256:bf9706813ef90e55bfb06f0c0d845f608f8315228e41f359044850b243a60156
        codeSamplesNamespace: authlete-api-explorer-python-code-samples
        codeSamplesRevisionDigest: sha256:cb7a4ad6a07f7ed206c69516dd78373bac328906293801ec6b78d860286df394
workflow:
    workflowVersion: 1.0.0
    speakeasyVersion: latest
    sources:
        Authlete API Explorer:
            inputs:
                - location: openapi.yaml
            registry:
                location: registry.speakeasyapi.dev/vartana/qwerty/authlete-api-explorer
    targets:
        authlete:
            target: python
            source: Authlete API Explorer
            codeSamples:
                registry:
                    location: registry.speakeasyapi.dev/vartana/qwerty/authlete-api-explorer-python-code-samples
                labelOverride:
                    fixedValue: Python (SDK)
                blocking: false
