speakeasyVersion: 1.596.0
sources:
    Authlete API Explorer:
        sourceNamespace: authlete-api-explorer
        sourceRevisionDigest: sha256:f499ae97abecf392e80c91b7f081c63a79995578761d9c7fdd0ad36605cac691
        sourceBlobDigest: sha256:bf9706813ef90e55bfb06f0c0d845f608f8315228e41f359044850b243a60156
        tags:
            - latest
            - speakeasy-sdk-regen-1753705045
            - 1.0.0
targets:
    authlete:
        source: Authlete API Explorer
        sourceNamespace: authlete-api-explorer
        sourceRevisionDigest: sha256:f499ae97abecf392e80c91b7f081c63a79995578761d9c7fdd0ad36605cac691
        sourceBlobDigest: sha256:bf9706813ef90e55bfb06f0c0d845f608f8315228e41f359044850b243a60156
        codeSamplesNamespace: authlete-api-explorer-python-code-samples
        codeSamplesRevisionDigest: sha256:6d32bef7cb1fc4422bee60da3ac1faaf35573b9060a8c8984706dba5513da57b
workflow:
    workflowVersion: 1.0.0
    speakeasyVersion: latest
    sources:
        Authlete API Explorer:
            inputs:
                - location: openapi.yaml
            registry:
                location: registry.speakeasyapi.dev/vartana/qwerty/authlete-api-explorer
    targets:
        authlete:
            target: python
            source: Authlete API Explorer
            publish:
                pypi:
                    token: $pypi_token
            codeSamples:
                registry:
                    location: registry.speakeasyapi.dev/vartana/qwerty/authlete-api-explorer-python-code-samples
                labelOverride:
                    fixedValue: Python (SDK)
                blocking: false
